dependencies:
- name: mysql
  repository: https://kubernetes-charts.storage.googleapis.com
  version: 1.4.0
- name: redis
  repository: https://kubernetes-charts.storage.googleapis.com
  version: 9.2.2
digest: sha256:176b47f0f2b032585704d4610a83dff3d2162a9dda3fe29bac1c438e0c6dc71f
generated: "2020-04-28T18:58:56.019111-04:00"
