dependencies:
- name: mysql
  repository: https://kubernetes-charts.storage.googleapis.com
  version: 1.4.0
- name: redis
  repository: https://kubernetes-charts.storage.googleapis.com
  version: 9.2.2
digest: sha256:146bfc0db8d74a1bf08dba4fbe7afb09f1872cc005899ecc37083b9e550d04ed
generated: "2019-10-05T22:46:03.441425-04:00"
